
Microsoft Visual Studio Solution File, Format Version 12.00
# Visual Studio Version 17
VisualStudioVersion = 17.8.34330.188
MinimumVisualStudioVersion = 10.0.40219.1
Project("{9A19103F-16F7-4668-BE54-9A1E7A4F7556}") = "WPFIconDemo", "WPFIconDemo.csproj", "{67CED4A0-B0B6-4AAA-A5F0-7FFF26ADAF9C}"
EndProject
Project("{9A19103F-16F7-4668-BE54-9A1E7A4F7556}") = "MailDemo", "InLib\MailDemo\MailDemo.csproj", "{DE1EBD6E-DE09-428B-9570-036660B00F32}"
EndProject
Project("{9A19103F-16F7-4668-BE54-9A1E7A4F7556}") = "CommonDrawing", "InLib\CommonDrawing\CommonDrawing.csproj", "{2F206D0E-96FC-4B14-BA15-854E6E1D0F9B}"
EndProject
Project("{9A19103F-16F7-4668-BE54-9A1E7A4F7556}") = "MvvmDialogsDemo", "InLib\MvvmDialogsDemo\MvvmDialogsDemo.csproj", "{11B10DF3-CE30-4A7A-A152-AFCA31F49188}"
EndProject
Project("{9A19103F-16F7-4668-BE54-9A1E7A4F7556}") = "WordCloudDemo", "InLib\WordCloudDemo\WordCloudDemo.csproj", "{B5FAF262-96D1-4E89-828A-8E788C2FC022}"
EndProject
Project("{FAE04EC0-301F-11D3-BF4B-00C04F79EFBC}") = "BlazorApp1", "InLib\BlazorApp1\BlazorApp1.csproj", "{16C961A1-A860-46A5-B122-A5DFD608E965}"
EndProject
Global
	GlobalSection(SolutionConfigurationPlatforms) = preSolution
		Debug|Any CPU = Debug|Any CPU
		Release|Any CPU = Release|Any CPU
	EndGlobalSection
	GlobalSection(ProjectConfigurationPlatforms) = postSolution
		{67CED4A0-B0B6-4AAA-A5F0-7FFF26ADAF9C}.Debug|Any CPU.ActiveCfg = Debug|Any CPU
		{67CED4A0-B0B6-4AAA-A5F0-7FFF26ADAF9C}.Debug|Any CPU.Build.0 = Debug|Any CPU
		{67CED4A0-B0B6-4AAA-A5F0-7FFF26ADAF9C}.Release|Any CPU.ActiveCfg = Release|Any CPU
		{67CED4A0-B0B6-4AAA-A5F0-7FFF26ADAF9C}.Release|Any CPU.Build.0 = Release|Any CPU
		{DE1EBD6E-DE09-428B-9570-036660B00F32}.Debug|Any CPU.ActiveCfg = Debug|Any CPU
		{DE1EBD6E-DE09-428B-9570-036660B00F32}.Debug|Any CPU.Build.0 = Debug|Any CPU
		{DE1EBD6E-DE09-428B-9570-036660B00F32}.Release|Any CPU.ActiveCfg = Release|Any CPU
		{DE1EBD6E-DE09-428B-9570-036660B00F32}.Release|Any CPU.Build.0 = Release|Any CPU
		{2F206D0E-96FC-4B14-BA15-854E6E1D0F9B}.Debug|Any CPU.ActiveCfg = Debug|Any CPU
		{2F206D0E-96FC-4B14-BA15-854E6E1D0F9B}.Debug|Any CPU.Build.0 = Debug|Any CPU
		{2F206D0E-96FC-4B14-BA15-854E6E1D0F9B}.Release|Any CPU.ActiveCfg = Release|Any CPU
		{2F206D0E-96FC-4B14-BA15-854E6E1D0F9B}.Release|Any CPU.Build.0 = Release|Any CPU
		{11B10DF3-CE30-4A7A-A152-AFCA31F49188}.Debug|Any CPU.ActiveCfg = Debug|Any CPU
		{11B10DF3-CE30-4A7A-A152-AFCA31F49188}.Debug|Any CPU.Build.0 = Debug|Any CPU
		{11B10DF3-CE30-4A7A-A152-AFCA31F49188}.Release|Any CPU.ActiveCfg = Release|Any CPU
		{11B10DF3-CE30-4A7A-A152-AFCA31F49188}.Release|Any CPU.Build.0 = Release|Any CPU
		{B5FAF262-96D1-4E89-828A-8E788C2FC022}.Debug|Any CPU.ActiveCfg = Debug|Any CPU
		{B5FAF262-96D1-4E89-828A-8E788C2FC022}.Debug|Any CPU.Build.0 = Debug|Any CPU
		{B5FAF262-96D1-4E89-828A-8E788C2FC022}.Release|Any CPU.ActiveCfg = Release|Any CPU
		{B5FAF262-96D1-4E89-828A-8E788C2FC022}.Release|Any CPU.Build.0 = Release|Any CPU
		{16C961A1-A860-46A5-B122-A5DFD608E965}.Debug|Any CPU.ActiveCfg = Debug|Any CPU
		{16C961A1-A860-46A5-B122-A5DFD608E965}.Debug|Any CPU.Build.0 = Debug|Any CPU
		{16C961A1-A860-46A5-B122-A5DFD608E965}.Release|Any CPU.ActiveCfg = Release|Any CPU
		{16C961A1-A860-46A5-B122-A5DFD608E965}.Release|Any CPU.Build.0 = Release|Any CPU
	EndGlobalSection
	GlobalSection(SolutionProperties) = preSolution
		HideSolutionNode = FALSE
	EndGlobalSection
	GlobalSection(ExtensibilityGlobals) = postSolution
		SolutionGuid = {283BD1CF-D6B3-4F30-BA30-7D75C45EAE15}
	EndGlobalSection
EndGlobal
