
Microsoft Visual Studio Solution File, Format Version 12.00
# Visual Studio Version 17
VisualStudioVersion = 17.5.002.0
MinimumVisualStudioVersion = 10.0.40219.1
Project("{9A19103F-16F7-4668-BE54-9A1E7A4F7556}") = "BlazorChartDemo", "BlazorChartDemo.csproj", "{3D7412AD-00AC-49CA-9CC2-55234D6C627B}"
EndProject
Global
	GlobalSection(SolutionConfigurationPlatforms) = preSolution
		Debug|Any CPU = Debug|Any CPU
		Release|Any CPU = Release|Any CPU
	EndGlobalSection
	GlobalSection(ProjectConfigurationPlatforms) = postSolution
		{3D7412AD-00AC-49CA-9CC2-55234D6C627B}.Debug|Any CPU.ActiveCfg = Debug|Any CPU
		{3D7412AD-00AC-49CA-9CC2-55234D6C627B}.Debug|Any CPU.Build.0 = Debug|Any CPU
		{3D7412AD-00AC-49CA-9CC2-55234D6C627B}.Release|Any CPU.ActiveCfg = Release|Any CPU
		{3D7412AD-00AC-49CA-9CC2-55234D6C627B}.Release|Any CPU.Build.0 = Release|Any CPU
	EndGlobalSection
	GlobalSection(SolutionProperties) = preSolution
		HideSolutionNode = FALSE
	EndGlobalSection
	GlobalSection(ExtensibilityGlobals) = postSolution
		SolutionGuid = {8C689C99-51C1-4E67-8FE3-6715750826C2}
	EndGlobalSection
EndGlobal
