
Microsoft Visual Studio Solution File, Format Version 12.00
# Visual Studio 15
VisualStudioVersion = 15.0.28307.1022
MinimumVisualStudioVersion = 10.0.40219.1
Project("{FAE04EC0-301F-11D3-BF4B-00C04F79EFBC}") = "PlugBoard.Calculator", "PlugBoard.Calculator\PlugBoard.Calculator.csproj", "{EF6BBC93-7038-4D3C-A92E-4FBAB851857B}"
EndProject
Project("{FAE04EC0-301F-11D3-BF4B-00C04F79EFBC}") = "Plugger", "Plugger\Plugger.csproj", "{EEA8878B-2707-4082-94EA-FBB32B0A8C39}"
EndProject
Project("{FAE04EC0-301F-11D3-BF4B-00C04F79EFBC}") = "RegularCalculator", "RegularCalculator\RegularCalculator.csproj", "{7B7DEAFD-746A-4943-BE32-79991AB19DCD}"
EndProject
Project("{FAE04EC0-301F-11D3-BF4B-00C04F79EFBC}") = "TrigonometryCalculator", "TrigonometryCalculator\TrigonometryCalculator.csproj", "{B7E28CB9-E263-4F45-A28D-79E58C643B1F}"
EndProject
Project("{FAE04EC0-301F-11D3-BF4B-00C04F79EFBC}") = "TableCalculator", "TableCalculator\TableCalculator.csproj", "{63574A07-9C2C-46D4-A825-DBE36390BFBA}"
EndProject
Global
	GlobalSection(SolutionConfigurationPlatforms) = preSolution
		Debug|Any CPU = Debug|Any CPU
		Release|Any CPU = Release|Any CPU
	EndGlobalSection
	GlobalSection(ProjectConfigurationPlatforms) = postSolution
		{EF6BBC93-7038-4D3C-A92E-4FBAB851857B}.Debug|Any CPU.ActiveCfg = Debug|Any CPU
		{EF6BBC93-7038-4D3C-A92E-4FBAB851857B}.Debug|Any CPU.Build.0 = Debug|Any CPU
		{EF6BBC93-7038-4D3C-A92E-4FBAB851857B}.Release|Any CPU.ActiveCfg = Release|Any CPU
		{EF6BBC93-7038-4D3C-A92E-4FBAB851857B}.Release|Any CPU.Build.0 = Release|Any CPU
		{EEA8878B-2707-4082-94EA-FBB32B0A8C39}.Debug|Any CPU.ActiveCfg = Debug|Any CPU
		{EEA8878B-2707-4082-94EA-FBB32B0A8C39}.Debug|Any CPU.Build.0 = Debug|Any CPU
		{EEA8878B-2707-4082-94EA-FBB32B0A8C39}.Release|Any CPU.ActiveCfg = Release|Any CPU
		{EEA8878B-2707-4082-94EA-FBB32B0A8C39}.Release|Any CPU.Build.0 = Release|Any CPU
		{7B7DEAFD-746A-4943-BE32-79991AB19DCD}.Debug|Any CPU.ActiveCfg = Debug|Any CPU
		{7B7DEAFD-746A-4943-BE32-79991AB19DCD}.Debug|Any CPU.Build.0 = Debug|Any CPU
		{7B7DEAFD-746A-4943-BE32-79991AB19DCD}.Release|Any CPU.ActiveCfg = Release|Any CPU
		{7B7DEAFD-746A-4943-BE32-79991AB19DCD}.Release|Any CPU.Build.0 = Release|Any CPU
		{B7E28CB9-E263-4F45-A28D-79E58C643B1F}.Debug|Any CPU.ActiveCfg = Debug|Any CPU
		{B7E28CB9-E263-4F45-A28D-79E58C643B1F}.Debug|Any CPU.Build.0 = Debug|Any CPU
		{B7E28CB9-E263-4F45-A28D-79E58C643B1F}.Release|Any CPU.ActiveCfg = Release|Any CPU
		{B7E28CB9-E263-4F45-A28D-79E58C643B1F}.Release|Any CPU.Build.0 = Release|Any CPU
		{63574A07-9C2C-46D4-A825-DBE36390BFBA}.Debug|Any CPU.ActiveCfg = Debug|Any CPU
		{63574A07-9C2C-46D4-A825-DBE36390BFBA}.Debug|Any CPU.Build.0 = Debug|Any CPU
		{63574A07-9C2C-46D4-A825-DBE36390BFBA}.Release|Any CPU.ActiveCfg = Release|Any CPU
		{63574A07-9C2C-46D4-A825-DBE36390BFBA}.Release|Any CPU.Build.0 = Release|Any CPU
	EndGlobalSection
	GlobalSection(SolutionProperties) = preSolution
		HideSolutionNode = FALSE
	EndGlobalSection
	GlobalSection(ExtensibilityGlobals) = postSolution
		SolutionGuid = {8B3184AA-C904-4E3C-91BA-A370CA8BCC58}
	EndGlobalSection
EndGlobal
