
Microsoft Visual Studio Solution File, Format Version 12.00
# Visual Studio Version 17
VisualStudioVersion = 17.0.31903.59
MinimumVisualStudioVersion = 10.0.40219.1
Project("{9A19103F-16F7-4668-BE54-9A1E7A4F7556}") = "SerialLogsDemo", "SerialLogsDemo.csproj", "{2E6B65D6-254E-424A-BEC6-9FE7E357EB3C}"
EndProject
Project("{FAE04EC0-301F-11D3-BF4B-00C04F79EFBC}") = "WpfApp1", "InDemo\WpfApp1\WpfApp1.csproj", "{759015C5-BF4F-4523-9BC8-25A7F99C89F5}"
EndProject
Global
	GlobalSection(SolutionConfigurationPlatforms) = preSolution
		Debug|Any CPU = Debug|Any CPU
		Release|Any CPU = Release|Any CPU
	EndGlobalSection
	GlobalSection(ProjectConfigurationPlatforms) = postSolution
		{2E6B65D6-254E-424A-BEC6-9FE7E357EB3C}.Debug|Any CPU.ActiveCfg = Debug|Any CPU
		{2E6B65D6-254E-424A-BEC6-9FE7E357EB3C}.Debug|Any CPU.Build.0 = Debug|Any CPU
		{2E6B65D6-254E-424A-BEC6-9FE7E357EB3C}.Release|Any CPU.ActiveCfg = Release|Any CPU
		{2E6B65D6-254E-424A-BEC6-9FE7E357EB3C}.Release|Any CPU.Build.0 = Release|Any CPU
		{759015C5-BF4F-4523-9BC8-25A7F99C89F5}.Debug|Any CPU.ActiveCfg = Debug|Any CPU
		{759015C5-BF4F-4523-9BC8-25A7F99C89F5}.Debug|Any CPU.Build.0 = Debug|Any CPU
		{759015C5-BF4F-4523-9BC8-25A7F99C89F5}.Release|Any CPU.ActiveCfg = Release|Any CPU
		{759015C5-BF4F-4523-9BC8-25A7F99C89F5}.Release|Any CPU.Build.0 = Release|Any CPU
	EndGlobalSection
	GlobalSection(SolutionProperties) = preSolution
		HideSolutionNode = FALSE
	EndGlobalSection
	GlobalSection(ExtensibilityGlobals) = postSolution
		SolutionGuid = {589B5D8A-CD46-42B8-ADC4-7D0556DA7365}
	EndGlobalSection
EndGlobal
