
Microsoft Visual Studio Solution File, Format Version 12.00
# Visual Studio Version 17
VisualStudioVersion = 17.5.002.0
MinimumVisualStudioVersion = 10.0.40219.1
Project("{9A19103F-16F7-4668-BE54-9A1E7A4F7556}") = "ConsoleDemo", "ConsoleDemo.csproj", "{923C34EA-ACD0-44E1-A530-F79BCF7C7582}"
EndProject
Project("{9A19103F-16F7-4668-BE54-9A1E7A4F7556}") = "PlayWrightDemo", "InDemo\PlayWrightDemo\PlayWrightDemo.csproj", "{FBBD03F7-1C32-451A-9911-D99C4346F19B}"
EndProject
Project("{9A19103F-16F7-4668-BE54-9A1E7A4F7556}") = "SpectreConsoleDemo", "InDemo\SpectreConsoleDemo\SpectreConsoleDemo.csproj", "{1AD0356F-C010-4B1D-A91A-5E272CD1A500}"
EndProject
Project("{FAE04EC0-301F-11D3-BF4B-00C04F79EFBC}") = "CrawlDemo", "InDemo\CrawlDemo\CrawlDemo.csproj", "{2F50AC46-88C1-4851-BBB9-1ADC0AFF58F6}"
EndProject
Global
	GlobalSection(SolutionConfigurationPlatforms) = preSolution
		Debug|Any CPU = Debug|Any CPU
		Release|Any CPU = Release|Any CPU
	EndGlobalSection
	GlobalSection(ProjectConfigurationPlatforms) = postSolution
		{923C34EA-ACD0-44E1-A530-F79BCF7C7582}.Debug|Any CPU.ActiveCfg = Debug|Any CPU
		{923C34EA-ACD0-44E1-A530-F79BCF7C7582}.Debug|Any CPU.Build.0 = Debug|Any CPU
		{923C34EA-ACD0-44E1-A530-F79BCF7C7582}.Release|Any CPU.ActiveCfg = Release|Any CPU
		{923C34EA-ACD0-44E1-A530-F79BCF7C7582}.Release|Any CPU.Build.0 = Release|Any CPU
		{FBBD03F7-1C32-451A-9911-D99C4346F19B}.Debug|Any CPU.ActiveCfg = Debug|Any CPU
		{FBBD03F7-1C32-451A-9911-D99C4346F19B}.Debug|Any CPU.Build.0 = Debug|Any CPU
		{FBBD03F7-1C32-451A-9911-D99C4346F19B}.Release|Any CPU.ActiveCfg = Release|Any CPU
		{FBBD03F7-1C32-451A-9911-D99C4346F19B}.Release|Any CPU.Build.0 = Release|Any CPU
		{1AD0356F-C010-4B1D-A91A-5E272CD1A500}.Debug|Any CPU.ActiveCfg = Debug|Any CPU
		{1AD0356F-C010-4B1D-A91A-5E272CD1A500}.Debug|Any CPU.Build.0 = Debug|Any CPU
		{1AD0356F-C010-4B1D-A91A-5E272CD1A500}.Release|Any CPU.ActiveCfg = Release|Any CPU
		{1AD0356F-C010-4B1D-A91A-5E272CD1A500}.Release|Any CPU.Build.0 = Release|Any CPU
		{2F50AC46-88C1-4851-BBB9-1ADC0AFF58F6}.Debug|Any CPU.ActiveCfg = Debug|Any CPU
		{2F50AC46-88C1-4851-BBB9-1ADC0AFF58F6}.Debug|Any CPU.Build.0 = Debug|Any CPU
		{2F50AC46-88C1-4851-BBB9-1ADC0AFF58F6}.Release|Any CPU.ActiveCfg = Release|Any CPU
		{2F50AC46-88C1-4851-BBB9-1ADC0AFF58F6}.Release|Any CPU.Build.0 = Release|Any CPU
	EndGlobalSection
	GlobalSection(SolutionProperties) = preSolution
		HideSolutionNode = FALSE
	EndGlobalSection
	GlobalSection(ExtensibilityGlobals) = postSolution
		SolutionGuid = {8F6A5D8F-0228-4158-BBEB-BED095058019}
	EndGlobalSection
EndGlobal
